
Microsoft Visual Studio Solution File, Format Version 12.00
# Visual Studio Version 17
VisualStudioVersion = 17.8.34322.80
MinimumVisualStudioVersion = 10.0.40219.1
Project("{9A19103F-16F7-4668-BE54-9A1E7A4F7556}") = "OnlineConsultations", "OnlineConsultations\OnlineConsultations.csproj", "{42D405B9-589A-41B3-ACC5-5449BC4E14CD}"
EndProject
Project("{9A19103F-16F7-4668-BE54-9A1E7A4F7556}") = "OnlineConsultations.Core", "..\..\..\Desktop\OnlineConsultations.Core\OnlineConsultations.Core.csproj", "{8A728F3B-806E-49D6-8C6D-5BB70C60DE84}"
EndProject
Project("{9A19103F-16F7-4668-BE54-9A1E7A4F7556}") = "OnlineConsultations.Data", "..\..\..\Desktop\OnlineConsultations.Data\OnlineConsultations.Data.csproj", "{72AFCEF4-0F4E-441A-A531-BB5E63C147D1}"
EndProject
Project("{9A19103F-16F7-4668-BE54-9A1E7A4F7556}") = "OnlineConsultations.Tests", "..\..\..\Desktop\OnlineConsultations.Tests\OnlineConsultations.Tests.csproj", "{F5371F74-BBAB-4899-A2D2-790A7FB83458}"
EndProject
Global
	GlobalSection(SolutionConfigurationPlatforms) = preSolution
		Debug|Any CPU = Debug|Any CPU
		Release|Any CPU = Release|Any CPU
	EndGlobalSection
	GlobalSection(ProjectConfigurationPlatforms) = postSolution
		{42D405B9-589A-41B3-ACC5-5449BC4E14CD}.Debug|Any CPU.ActiveCfg = Debug|Any CPU
		{42D405B9-589A-41B3-ACC5-5449BC4E14CD}.Debug|Any CPU.Build.0 = Debug|Any CPU
		{42D405B9-589A-41B3-ACC5-5449BC4E14CD}.Release|Any CPU.ActiveCfg = Release|Any CPU
		{42D405B9-589A-41B3-ACC5-5449BC4E14CD}.Release|Any CPU.Build.0 = Release|Any CPU
		{8A728F3B-806E-49D6-8C6D-5BB70C60DE84}.Debug|Any CPU.ActiveCfg = Debug|Any CPU
		{8A728F3B-806E-49D6-8C6D-5BB70C60DE84}.Debug|Any CPU.Build.0 = Debug|Any CPU
		{8A728F3B-806E-49D6-8C6D-5BB70C60DE84}.Release|Any CPU.ActiveCfg = Release|Any CPU
		{8A728F3B-806E-49D6-8C6D-5BB70C60DE84}.Release|Any CPU.Build.0 = Release|Any CPU
		{72AFCEF4-0F4E-441A-A531-BB5E63C147D1}.Debug|Any CPU.ActiveCfg = Debug|Any CPU
		{72AFCEF4-0F4E-441A-A531-BB5E63C147D1}.Debug|Any CPU.Build.0 = Debug|Any CPU
		{72AFCEF4-0F4E-441A-A531-BB5E63C147D1}.Release|Any CPU.ActiveCfg = Release|Any CPU
		{72AFCEF4-0F4E-441A-A531-BB5E63C147D1}.Release|Any CPU.Build.0 = Release|Any CPU
		{F5371F74-BBAB-4899-A2D2-790A7FB83458}.Debug|Any CPU.ActiveCfg = Debug|Any CPU
		{F5371F74-BBAB-4899-A2D2-790A7FB83458}.Debug|Any CPU.Build.0 = Debug|Any CPU
		{F5371F74-BBAB-4899-A2D2-790A7FB83458}.Release|Any CPU.ActiveCfg = Release|Any CPU
		{F5371F74-BBAB-4899-A2D2-790A7FB83458}.Release|Any CPU.Build.0 = Release|Any CPU
	EndGlobalSection
	GlobalSection(SolutionProperties) = preSolution
		HideSolutionNode = FALSE
	EndGlobalSection
	GlobalSection(ExtensibilityGlobals) = postSolution
		SolutionGuid = {1CD60CC6-8FE1-4969-85B6-03A82386C600}
	EndGlobalSection
EndGlobal
